
Microsoft Visual Studio Solution File, Format Version 12.00
# Visual Studio 14
VisualStudioVersion = 14.0.25123.0
MinimumVisualStudioVersion = 10.0.40219.1
Project("{FAE04EC0-301F-11D3-BF4B-00C04F79EFBC}") = "Valtech.MoveIT.Logic", "Valtech.MoveIT.Logic\Valtech.MoveIT.Logic.csproj", "{7DC85656-F904-4790-A683-B7021FD3BA92}"
EndProject
Project("{FAE04EC0-301F-11D3-BF4B-00C04F79EFBC}") = "Valtech.MoveIT.Api", "Valtech.MoveIT.Api\Valtech.MoveIT.Api.csproj", "{77EA9148-2CFC-4767-A415-8DB6B8F5C7A6}"
EndProject
Project("{FAE04EC0-301F-11D3-BF4B-00C04F79EFBC}") = "Valtech.MoveIT.Tests", "Valtech.MoveIT.Tests\Valtech.MoveIT.Tests.csproj", "{FBE5BF26-DF11-4EB0-AFF2-4D008C6F6687}"
EndProject
Global
	GlobalSection(SolutionConfigurationPlatforms) = preSolution
		Debug|Any CPU = Debug|Any CPU
		Release|Any CPU = Release|Any CPU
	EndGlobalSection
	GlobalSection(ProjectConfigurationPlatforms) = postSolution
		{7DC85656-F904-4790-A683-B7021FD3BA92}.Debug|Any CPU.ActiveCfg = Debug|Any CPU
		{7DC85656-F904-4790-A683-B7021FD3BA92}.Debug|Any CPU.Build.0 = Debug|Any CPU
		{7DC85656-F904-4790-A683-B7021FD3BA92}.Release|Any CPU.ActiveCfg = Release|Any CPU
		{7DC85656-F904-4790-A683-B7021FD3BA92}.Release|Any CPU.Build.0 = Release|Any CPU
		{77EA9148-2CFC-4767-A415-8DB6B8F5C7A6}.Debug|Any CPU.ActiveCfg = Debug|Any CPU
		{77EA9148-2CFC-4767-A415-8DB6B8F5C7A6}.Debug|Any CPU.Build.0 = Debug|Any CPU
		{77EA9148-2CFC-4767-A415-8DB6B8F5C7A6}.Release|Any CPU.ActiveCfg = Release|Any CPU
		{77EA9148-2CFC-4767-A415-8DB6B8F5C7A6}.Release|Any CPU.Build.0 = Release|Any CPU
		{FBE5BF26-DF11-4EB0-AFF2-4D008C6F6687}.Debug|Any CPU.ActiveCfg = Debug|Any CPU
		{FBE5BF26-DF11-4EB0-AFF2-4D008C6F6687}.Debug|Any CPU.Build.0 = Debug|Any CPU
		{FBE5BF26-DF11-4EB0-AFF2-4D008C6F6687}.Release|Any CPU.ActiveCfg = Release|Any CPU
		{FBE5BF26-DF11-4EB0-AFF2-4D008C6F6687}.Release|Any CPU.Build.0 = Release|Any CPU
	EndGlobalSection
	GlobalSection(SolutionProperties) = preSolution
		HideSolutionNode = FALSE
	EndGlobalSection
EndGlobal
